{
  "nodes": {
    "esdbclient": {
      "inputs": {
        "flake-utils": [
          "pythoneda-shared-pythonlang-application",
          "pythoneda-shared-pythonlang-infrastructure",
          "flake-utils"
        ],
        "nixpkgs": [
          "pythoneda-shared-pythonlang-application",
          "pythoneda-shared-pythonlang-infrastructure",
          "nixpkgs"
        ]
      },
      "locked": {
        "dir": "esdbclient",
        "lastModified": 1733507692,
        "narHash": "sha256-IBPBdUFCp/HAlg/LMHlf5yW9SILoyEota9r14C1983w=",
        "owner": "rydnr",
        "repo": "nix-flakes",
        "rev": "d810b75bee44f2049a1769d99493636d7e631632",
        "type": "github"
      },
      "original": {
        "dir": "esdbclient",
        "owner": "rydnr",
        "ref": "esdbclient-1.1.3.1",
        "repo": "nix-flakes",
        "type": "github"
      }
    },
    "esdbclient_2": {
      "inputs": {
        "flake-utils": [
          "pythoneda-tools-runtime-flow-inspector-infrastructure",
          "pythoneda-shared-pythonlang-infrastructure",
          "flake-utils"
        ],
        "nixpkgs": [
          "pythoneda-tools-runtime-flow-inspector-infrastructure",
          "pythoneda-shared-pythonlang-infrastructure",
          "nixpkgs"
        ]
      },
      "locked": {
        "dir": "esdbclient",
        "lastModified": 1733507692,
        "narHash": "sha256-IBPBdUFCp/HAlg/LMHlf5yW9SILoyEota9r14C1983w=",
        "owner": "rydnr",
        "repo": "nix-flakes",
        "rev": "d810b75bee44f2049a1769d99493636d7e631632",
        "type": "github"
      },
      "original": {
        "dir": "esdbclient",
        "owner": "rydnr",
        "ref": "esdbclient-1.1.3.1",
        "repo": "nix-flakes",
        "type": "github"
      }
    },
    "flake-utils": {
      "locked": {
        "lastModified": 1652776076,
        "narHash": "sha256-gzTw/v1vj4dOVbpBSJX4J0DwUR6LIyXo7/SuuTJp1kM=",
        "owner": "numtide",
        "repo": "flake-utils",
        "rev": "04c1b180862888302ddfb2e3ad9eaa63afc60cf8",
        "type": "github"
      },
      "original": {
        "owner": "numtide",
        "ref": "v1.0.0",
        "repo": "flake-utils",
        "type": "github"
      }
    },
    "nixpkgs": {
      "locked": {
        "lastModified": 1717179513,
        "narHash": "sha256-vboIEwIQojofItm2xGCdZCzW96U85l9nDW3ifMuAIdM=",
        "owner": "NixOS",
        "repo": "nixpkgs",
        "rev": "63dacb46bf939521bdc93981b4cbb7ecb58427a0",
        "type": "github"
      },
      "original": {
        "owner": "NixOS",
        "ref": "24.05",
        "repo": "nixpkgs",
        "type": "github"
      }
    },
    "pythoneda-shared-artifact-events": {
      "inputs": {
        "flake-utils": [
          "pythoneda-shared-pythonlang-application",
          "pythoneda-shared-artifact-shared",
          "flake-utils"
        ],
        "nixpkgs": [
          "pythoneda-shared-pythonlang-application",
          "pythoneda-shared-artifact-shared",
          "nixpkgs"
        ],
        "pythoneda-shared-pythonlang-banner": [
          "pythoneda-shared-pythonlang-application",
          "pythoneda-shared-artifact-shared",
          "pythoneda-shared-pythonlang-banner"
        ],
        "pythoneda-shared-pythonlang-domain": [
          "pythoneda-shared-pythonlang-application",
          "pythoneda-shared-artifact-shared",
          "pythoneda-shared-pythonlang-domain"
        ]
      },
      "locked": {
        "lastModified": 1735637358,
        "narHash": "sha256-FZSgCrv4fHDJs5cOrijbVJGVJnbT38oYeOCNhrFCZfI=",
        "owner": "pythoneda-shared-artifact-def",
        "repo": "events",
        "rev": "632d923313abb1dd4515ffe700aad8e0e3f0ae70",
        "type": "github"
      },
      "original": {
        "owner": "pythoneda-shared-artifact-def",
        "ref": "0.0.82",
        "repo": "events",
        "type": "github"
      }
    },
    "pythoneda-shared-artifact-shared": {
      "inputs": {
        "flake-utils": [
          "pythoneda-shared-pythonlang-application",
          "flake-utils"
        ],
        "nixpkgs": [
          "pythoneda-shared-pythonlang-application",
          "nixpkgs"
        ],
        "pythoneda-shared-artifact-events": "pythoneda-shared-artifact-events",
        "pythoneda-shared-git-shared": "pythoneda-shared-git-shared",
        "pythoneda-shared-nix-flake-shared": "pythoneda-shared-nix-flake-shared",
        "pythoneda-shared-pythonlang-banner": [
          "pythoneda-shared-pythonlang-application",
          "pythoneda-shared-pythonlang-banner"
        ],
        "pythoneda-shared-pythonlang-domain": [
          "pythoneda-shared-pythonlang-application",
          "pythoneda-shared-pythonlang-domain"
        ]
      },
      "locked": {
        "lastModified": 1735637718,
        "narHash": "sha256-wek90j4BzGGuvQH8TTpX+KOi2yFxbwDTEa2uk/SRmbA=",
        "owner": "pythoneda-shared-artifact-def",
        "repo": "shared",
        "rev": "4f8d6a84e8b0a540b59847014b9876387fe902ec",
        "type": "github"
      },
      "original": {
        "owner": "pythoneda-shared-artifact-def",
        "ref": "0.0.92",
        "repo": "shared",
        "type": "github"
      }
    },
    "pythoneda-shared-git-shared": {
      "inputs": {
        "flake-utils": [
          "pythoneda-shared-pythonlang-application",
          "pythoneda-shared-artifact-shared",
          "flake-utils"
        ],
        "nixpkgs": [
          "pythoneda-shared-pythonlang-application",
          "pythoneda-shared-artifact-shared",
          "nixpkgs"
        ],
        "pythoneda-shared-pythonlang-banner": [
          "pythoneda-shared-pythonlang-application",
          "pythoneda-shared-artifact-shared",
          "pythoneda-shared-pythonlang-banner"
        ],
        "pythoneda-shared-pythonlang-domain": [
          "pythoneda-shared-pythonlang-application",
          "pythoneda-shared-artifact-shared",
          "pythoneda-shared-pythonlang-domain"
        ],
        "pythoneda-shared-pythonlang-shell": "pythoneda-shared-pythonlang-shell"
      },
      "locked": {
        "lastModified": 1735637555,
        "narHash": "sha256-2uatBThOPy77GFtZCMXlVQKz9XKm3pUkIsE8lw5OBIg=",
        "owner": "pythoneda-shared-git-def",
        "repo": "shared",
        "rev": "e1d30264b69df320925696a42a51af261fc453cf",
        "type": "github"
      },
      "original": {
        "owner": "pythoneda-shared-git-def",
        "ref": "0.0.83",
        "repo": "shared",
        "type": "github"
      }
    },
    "pythoneda-shared-git-shared_2": {
      "inputs": {
        "flake-utils": [
          "pythoneda-shared-pythonlang-application",
          "pythoneda-shared-artifact-shared",
          "pythoneda-shared-nix-flake-shared",
          "flake-utils"
        ],
        "nixpkgs": [
          "pythoneda-shared-pythonlang-application",
          "pythoneda-shared-artifact-shared",
          "pythoneda-shared-nix-flake-shared",
          "nixpkgs"
        ],
        "pythoneda-shared-pythonlang-banner": [
          "pythoneda-shared-pythonlang-application",
          "pythoneda-shared-artifact-shared",
          "pythoneda-shared-nix-flake-shared",
          "pythoneda-shared-pythonlang-banner"
        ],
        "pythoneda-shared-pythonlang-domain": [
          "pythoneda-shared-pythonlang-application",
          "pythoneda-shared-artifact-shared",
          "pythoneda-shared-nix-flake-shared",
          "pythoneda-shared-pythonlang-domain"
        ],
        "pythoneda-shared-pythonlang-shell": "pythoneda-shared-pythonlang-shell_2"
      },
      "locked": {
        "lastModified": 1735637555,
        "narHash": "sha256-2uatBThOPy77GFtZCMXlVQKz9XKm3pUkIsE8lw5OBIg=",
        "owner": "pythoneda-shared-git-def",
        "repo": "shared",
        "rev": "e1d30264b69df320925696a42a51af261fc453cf",
        "type": "github"
      },
      "original": {
        "owner": "pythoneda-shared-git-def",
        "ref": "0.0.83",
        "repo": "shared",
        "type": "github"
      }
    },
    "pythoneda-shared-nix-flake-shared": {
      "inputs": {
        "flake-utils": [
          "pythoneda-shared-pythonlang-application",
          "pythoneda-shared-artifact-shared",
          "flake-utils"
        ],
        "nixpkgs": [
          "pythoneda-shared-pythonlang-application",
          "pythoneda-shared-artifact-shared",
          "nixpkgs"
        ],
        "pythoneda-shared-git-shared": "pythoneda-shared-git-shared_2",
        "pythoneda-shared-pythonlang-banner": [
          "pythoneda-shared-pythonlang-application",
          "pythoneda-shared-artifact-shared",
          "pythoneda-shared-pythonlang-banner"
        ],
        "pythoneda-shared-pythonlang-domain": [
          "pythoneda-shared-pythonlang-application",
          "pythoneda-shared-artifact-shared",
          "pythoneda-shared-pythonlang-domain"
        ],
        "stringtemplate3": "stringtemplate3"
      },
      "locked": {
        "lastModified": 1735637629,
        "narHash": "sha256-PNZ+uho4RUXCJE/fKNkRhXbEUN2QtImcbRVlq8jlEIQ=",
        "owner": "pythoneda-shared-nix-flake-def",
        "repo": "shared",
        "rev": "f89f56cdf413f661153f5dc828eeb0e82b1a7620",
        "type": "github"
      },
      "original": {
        "owner": "pythoneda-shared-nix-flake-def",
        "ref": "0.0.89",
        "repo": "shared",
        "type": "github"
      }
    },
    "pythoneda-shared-pythonlang-application": {
      "inputs": {
        "flake-utils": [
          "flake-utils"
        ],
        "nixpkgs": [
          "nixpkgs"
        ],
        "pythoneda-shared-artifact-shared": "pythoneda-shared-artifact-shared",
        "pythoneda-shared-pythonlang-banner": [
          "pythoneda-shared-pythonlang-banner"
        ],
        "pythoneda-shared-pythonlang-domain": "pythoneda-shared-pythonlang-domain_3",
        "pythoneda-shared-pythonlang-infrastructure": "pythoneda-shared-pythonlang-infrastructure"
      },
      "locked": {
        "lastModified": 1735637802,
        "narHash": "sha256-rL4AzsKsuQFhovaz5YDpYwSBJJ56AMjg93PWfFn3L40=",
        "owner": "pythoneda-shared-pythonlang-def",
        "repo": "application",
        "rev": "20e79cd21d24fb963c937a4df6847b5f69716612",
        "type": "github"
      },
      "original": {
        "owner": "pythoneda-shared-pythonlang-def",
        "ref": "0.0.105",
        "repo": "application",
        "type": "github"
      }
    },
    "pythoneda-shared-pythonlang-banner": {
      "inputs": {
        "flake-utils": [
          "flake-utils"
        ],
        "nixpkgs": [
          "nixpkgs"
        ]
      },
      "locked": {
        "lastModified": 1733921954,
        "narHash": "sha256-8bXCVSjpGD+1Zpfqjmie6JKnz7eH5vALIXKoa9n0OyI=",
        "owner": "pythoneda-shared-pythonlang-def",
        "repo": "banner",
        "rev": "d6f65312ef3f7a8a3315aca7c0f3cc99783a5b20",
        "type": "github"
      },
      "original": {
        "owner": "pythoneda-shared-pythonlang-def",
        "ref": "0.0.74",
        "repo": "banner",
        "type": "github"
      }
    },
    "pythoneda-shared-pythonlang-domain": {
      "inputs": {
        "flake-utils": [
          "pythoneda-shared-pythonlang-application",
          "pythoneda-shared-artifact-shared",
          "pythoneda-shared-git-shared",
          "pythoneda-shared-pythonlang-shell",
          "flake-utils"
        ],
        "nixpkgs": [
          "pythoneda-shared-pythonlang-application",
          "pythoneda-shared-artifact-shared",
          "pythoneda-shared-git-shared",
          "pythoneda-shared-pythonlang-shell",
          "nixpkgs"
        ],
        "pythoneda-shared-pythonlang-banner": [
          "pythoneda-shared-pythonlang-application",
          "pythoneda-shared-artifact-shared",
          "pythoneda-shared-git-shared",
          "pythoneda-shared-pythonlang-shell",
          "pythoneda-shared-pythonlang-banner"
        ]
      },
      "locked": {
        "lastModified": 1735637228,
        "narHash": "sha256-jRpZzZe13K+MF8O7kdiLzUd0Re7id/wq3fsRC1tnVKI=",
        "owner": "pythoneda-shared-pythonlang-def",
        "repo": "domain",
        "rev": "620609c96549dc059d4089b4fb7788819094007b",
        "type": "github"
      },
      "original": {
        "owner": "pythoneda-shared-pythonlang-def",
        "ref": "0.0.109",
        "repo": "domain",
        "type": "github"
      }
    },
    "pythoneda-shared-pythonlang-domain_2": {
      "inputs": {
        "flake-utils": [
          "pythoneda-shared-pythonlang-application",
          "pythoneda-shared-artifact-shared",
          "pythoneda-shared-nix-flake-shared",
          "pythoneda-shared-git-shared",
          "pythoneda-shared-pythonlang-shell",
          "flake-utils"
        ],
        "nixpkgs": [
          "pythoneda-shared-pythonlang-application",
          "pythoneda-shared-artifact-shared",
          "pythoneda-shared-nix-flake-shared",
          "pythoneda-shared-git-shared",
          "pythoneda-shared-pythonlang-shell",
          "nixpkgs"
        ],
        "pythoneda-shared-pythonlang-banner": [
          "pythoneda-shared-pythonlang-application",
          "pythoneda-shared-artifact-shared",
          "pythoneda-shared-nix-flake-shared",
          "pythoneda-shared-git-shared",
          "pythoneda-shared-pythonlang-shell",
          "pythoneda-shared-pythonlang-banner"
        ]
      },
      "locked": {
        "lastModified": 1735637228,
        "narHash": "sha256-jRpZzZe13K+MF8O7kdiLzUd0Re7id/wq3fsRC1tnVKI=",
        "owner": "pythoneda-shared-pythonlang-def",
        "repo": "domain",
        "rev": "620609c96549dc059d4089b4fb7788819094007b",
        "type": "github"
      },
      "original": {
        "owner": "pythoneda-shared-pythonlang-def",
        "ref": "0.0.109",
        "repo": "domain",
        "type": "github"
      }
    },
    "pythoneda-shared-pythonlang-domain_3": {
      "inputs": {
        "flake-utils": [
          "pythoneda-shared-pythonlang-application",
          "flake-utils"
        ],
        "nixpkgs": [
          "pythoneda-shared-pythonlang-application",
          "nixpkgs"
        ],
        "pythoneda-shared-pythonlang-banner": [
          "pythoneda-shared-pythonlang-application",
          "pythoneda-shared-pythonlang-banner"
        ]
      },
      "locked": {
        "lastModified": 1735637228,
        "narHash": "sha256-jRpZzZe13K+MF8O7kdiLzUd0Re7id/wq3fsRC1tnVKI=",
        "owner": "pythoneda-shared-pythonlang-def",
        "repo": "domain",
        "rev": "620609c96549dc059d4089b4fb7788819094007b",
        "type": "github"
      },
      "original": {
        "owner": "pythoneda-shared-pythonlang-def",
        "ref": "0.0.109",
        "repo": "domain",
        "type": "github"
      }
    },
    "pythoneda-shared-pythonlang-domain_4": {
      "inputs": {
        "flake-utils": [
          "flake-utils"
        ],
        "nixpkgs": [
          "nixpkgs"
        ],
        "pythoneda-shared-pythonlang-banner": [
          "pythoneda-shared-pythonlang-banner"
        ]
      },
      "locked": {
        "lastModified": 1735637228,
        "narHash": "sha256-jRpZzZe13K+MF8O7kdiLzUd0Re7id/wq3fsRC1tnVKI=",
        "owner": "pythoneda-shared-pythonlang-def",
        "repo": "domain",
        "rev": "620609c96549dc059d4089b4fb7788819094007b",
        "type": "github"
      },
      "original": {
        "owner": "pythoneda-shared-pythonlang-def",
        "ref": "0.0.109",
        "repo": "domain",
        "type": "github"
      }
    },
    "pythoneda-shared-pythonlang-domain_5": {
      "inputs": {
        "flake-utils": [
          "pythoneda-tools-runtime-flow-inspector-infrastructure",
          "pythoneda-shared-pythonlang-infrastructure",
          "flake-utils"
        ],
        "nixpkgs": [
          "pythoneda-tools-runtime-flow-inspector-infrastructure",
          "pythoneda-shared-pythonlang-infrastructure",
          "nixpkgs"
        ],
        "pythoneda-shared-pythonlang-banner": [
          "pythoneda-tools-runtime-flow-inspector-infrastructure",
          "pythoneda-shared-pythonlang-infrastructure",
          "pythoneda-shared-pythonlang-banner"
        ]
      },
      "locked": {
        "lastModified": 1735637228,
        "narHash": "sha256-jRpZzZe13K+MF8O7kdiLzUd0Re7id/wq3fsRC1tnVKI=",
        "owner": "pythoneda-shared-pythonlang-def",
        "repo": "domain",
        "rev": "620609c96549dc059d4089b4fb7788819094007b",
        "type": "github"
      },
      "original": {
        "owner": "pythoneda-shared-pythonlang-def",
        "ref": "0.0.109",
        "repo": "domain",
        "type": "github"
      }
    },
    "pythoneda-shared-pythonlang-infrastructure": {
      "inputs": {
        "esdbclient": "esdbclient",
        "flake-utils": [
          "pythoneda-shared-pythonlang-application",
          "flake-utils"
        ],
        "nixpkgs": [
          "pythoneda-shared-pythonlang-application",
          "nixpkgs"
        ],
        "pythoneda-shared-pythonlang-banner": [
          "pythoneda-shared-pythonlang-application",
          "pythoneda-shared-pythonlang-banner"
        ],
        "pythoneda-shared-pythonlang-domain": [
          "pythoneda-shared-pythonlang-application",
          "pythoneda-shared-pythonlang-domain"
        ]
      },
      "locked": {
        "lastModified": 1735637296,
        "narHash": "sha256-twf/3NiVPj3ctk2amhH7ItbC/b6DUSUIxDOX52X1KGQ=",
        "owner": "pythoneda-shared-pythonlang-def",
        "repo": "infrastructure",
        "rev": "e675f00f5cd18a58d062245e75f04fdbf443b6ee",
        "type": "github"
      },
      "original": {
        "owner": "pythoneda-shared-pythonlang-def",
        "ref": "0.0.84",
        "repo": "infrastructure",
        "type": "github"
      }
    },
    "pythoneda-shared-pythonlang-infrastructure_2": {
      "inputs": {
        "esdbclient": "esdbclient_2",
        "flake-utils": [
          "pythoneda-tools-runtime-flow-inspector-infrastructure",
          "flake-utils"
        ],
        "nixpkgs": [
          "pythoneda-tools-runtime-flow-inspector-infrastructure",
          "nixpkgs"
        ],
        "pythoneda-shared-pythonlang-banner": [
          "pythoneda-tools-runtime-flow-inspector-infrastructure",
          "pythoneda-shared-pythonlang-banner"
        ],
        "pythoneda-shared-pythonlang-domain": "pythoneda-shared-pythonlang-domain_5"
      },
      "locked": {
        "lastModified": 1735637296,
        "narHash": "sha256-twf/3NiVPj3ctk2amhH7ItbC/b6DUSUIxDOX52X1KGQ=",
        "owner": "pythoneda-shared-pythonlang-def",
        "repo": "infrastructure",
        "rev": "e675f00f5cd18a58d062245e75f04fdbf443b6ee",
        "type": "github"
      },
      "original": {
        "owner": "pythoneda-shared-pythonlang-def",
        "ref": "0.0.84",
        "repo": "infrastructure",
        "type": "github"
      }
    },
    "pythoneda-shared-pythonlang-shell": {
      "inputs": {
        "flake-utils": [
          "pythoneda-shared-pythonlang-application",
          "pythoneda-shared-artifact-shared",
          "pythoneda-shared-git-shared",
          "flake-utils"
        ],
        "nixpkgs": [
          "pythoneda-shared-pythonlang-application",
          "pythoneda-shared-artifact-shared",
          "pythoneda-shared-git-shared",
          "nixpkgs"
        ],
        "pythoneda-shared-pythonlang-banner": [
          "pythoneda-shared-pythonlang-application",
          "pythoneda-shared-artifact-shared",
          "pythoneda-shared-git-shared",
          "pythoneda-shared-pythonlang-banner"
        ],
        "pythoneda-shared-pythonlang-domain": "pythoneda-shared-pythonlang-domain"
      },
      "locked": {
        "lastModified": 1735637486,
        "narHash": "sha256-5sDbObWQ64U5CgoBaMbrJ7lIH1NBF4Licpxg5iwhM/c=",
        "owner": "pythoneda-shared-pythonlang-def",
        "repo": "shell",
        "rev": "1ab72f331019680aa3769d17526a9bde5e3ef428",
        "type": "github"
      },
      "original": {
        "owner": "pythoneda-shared-pythonlang-def",
        "ref": "0.0.49",
        "repo": "shell",
        "type": "github"
      }
    },
    "pythoneda-shared-pythonlang-shell_2": {
      "inputs": {
        "flake-utils": [
          "pythoneda-shared-pythonlang-application",
          "pythoneda-shared-artifact-shared",
          "pythoneda-shared-nix-flake-shared",
          "pythoneda-shared-git-shared",
          "flake-utils"
        ],
        "nixpkgs": [
          "pythoneda-shared-pythonlang-application",
          "pythoneda-shared-artifact-shared",
          "pythoneda-shared-nix-flake-shared",
          "pythoneda-shared-git-shared",
          "nixpkgs"
        ],
        "pythoneda-shared-pythonlang-banner": [
          "pythoneda-shared-pythonlang-application",
          "pythoneda-shared-artifact-shared",
          "pythoneda-shared-nix-flake-shared",
          "pythoneda-shared-git-shared",
          "pythoneda-shared-pythonlang-banner"
        ],
        "pythoneda-shared-pythonlang-domain": "pythoneda-shared-pythonlang-domain_2"
      },
      "locked": {
        "lastModified": 1735637486,
        "narHash": "sha256-5sDbObWQ64U5CgoBaMbrJ7lIH1NBF4Licpxg5iwhM/c=",
        "owner": "pythoneda-shared-pythonlang-def",
        "repo": "shell",
        "rev": "1ab72f331019680aa3769d17526a9bde5e3ef428",
        "type": "github"
      },
      "original": {
        "owner": "pythoneda-shared-pythonlang-def",
        "ref": "0.0.49",
        "repo": "shell",
        "type": "github"
      }
    },
    "pythoneda-tools-runtime-flow-inspector": {
      "inputs": {
        "flake-utils": [
          "flake-utils"
        ],
        "nixpkgs": [
          "nixpkgs"
        ],
        "pythoneda-shared-pythonlang-banner": [
          "pythoneda-shared-pythonlang-banner"
        ],
        "pythoneda-shared-pythonlang-domain": [
          "pythoneda-shared-pythonlang-domain"
        ]
      },
      "locked": {
        "lastModified": 1735649778,
        "narHash": "sha256-RSz5EJxErTVS6q4OLsg62h9j9vKk8SHw9WiKSqkcEhE=",
        "owner": "pythoneda-tools-runtime-def",
        "repo": "flow-inspector",
        "rev": "da8b679bb206b03949dda2d40754d3ee853af056",
        "type": "github"
      },
      "original": {
        "owner": "pythoneda-tools-runtime-def",
        "ref": "0.0.4",
        "repo": "flow-inspector",
        "type": "github"
      }
    },
    "pythoneda-tools-runtime-flow-inspector-infrastructure": {
      "inputs": {
        "flake-utils": [
          "flake-utils"
        ],
        "nixpkgs": [
          "nixpkgs"
        ],
        "pythoneda-shared-pythonlang-banner": [
          "pythoneda-shared-pythonlang-banner"
        ],
        "pythoneda-shared-pythonlang-domain": [
          "pythoneda-shared-pythonlang-domain"
        ],
        "pythoneda-shared-pythonlang-infrastructure": "pythoneda-shared-pythonlang-infrastructure_2",
        "pythoneda-tools-runtime-flow-inspector": [
          "pythoneda-tools-runtime-flow-inspector"
        ]
      },
      "locked": {
        "lastModified": 1735649842,
        "narHash": "sha256-01unendIh7LI95Nbqqyt0TIE4nCheIAGm5rHX0OHTNo=",
        "owner": "pythoneda-tools-runtime-def",
        "repo": "flow-inspector-infrastructure",
        "rev": "d6776be43bd8955fa25d6ad2ae494296563f6d90",
        "type": "github"
      },
      "original": {
        "owner": "pythoneda-tools-runtime-def",
        "ref": "0.0.4",
        "repo": "flow-inspector-infrastructure",
        "type": "github"
      }
    },
    "root": {
      "inputs": {
        "flake-utils": "flake-utils",
        "nixpkgs": "nixpkgs",
        "pythoneda-shared-pythonlang-application": "pythoneda-shared-pythonlang-application",
        "pythoneda-shared-pythonlang-banner": "pythoneda-shared-pythonlang-banner",
        "pythoneda-shared-pythonlang-domain": "pythoneda-shared-pythonlang-domain_4",
        "pythoneda-tools-runtime-flow-inspector": "pythoneda-tools-runtime-flow-inspector",
        "pythoneda-tools-runtime-flow-inspector-infrastructure": "pythoneda-tools-runtime-flow-inspector-infrastructure"
      }
    },
    "stringtemplate3": {
      "inputs": {
        "flake-utils": [
          "pythoneda-shared-pythonlang-application",
          "pythoneda-shared-artifact-shared",
          "pythoneda-shared-nix-flake-shared",
          "flake-utils"
        ],
        "nixpkgs": [
          "pythoneda-shared-pythonlang-application",
          "pythoneda-shared-artifact-shared",
          "pythoneda-shared-nix-flake-shared",
          "nixpkgs"
        ]
      },
      "locked": {
        "dir": "stringtemplate3",
        "lastModified": 1733509207,
        "narHash": "sha256-xpSuesrvynoMcclrDyhooW2zpzFoHbVizfFn7sjly98=",
        "owner": "rydnr",
        "repo": "nix-flakes",
        "rev": "c73d82b377792de6742a803f7b80f1f3e3eae5dd",
        "type": "github"
      },
      "original": {
        "dir": "stringtemplate3",
        "owner": "rydnr",
        "ref": "stringtemplate3-3.1.2",
        "repo": "nix-flakes",
        "type": "github"
      }
    }
  },
  "root": "root",
  "version": 7
}
